{
  "name": "shelly",
  "version": "1.0.0",
  "lockfileVersion": 1,
  "dependencies": {
    "eventemitter3": {
      "version": "2.0.3",
      "resolved": "https://registry.npmjs.org/eventemitter3/-/eventemitter3-2.0.3.tgz",
      "integrity": "sha1-teEHm1n7XhuidxwKmTvgYKWMmbo="
    },
    "jquery": {
      "version": "3.3.1",
      "resolved": "https://registry.npmjs.org/jquery/-/jquery-3.3.1.tgz",
      "integrity": "sha512-Ubldcmxp5np52/ENotGxlLe6aGMvmF4R8S6tZjsP6Knsaxd/xp3Zrh50cG93lR6nPXyUFwzN3ZSOQI0wRJNdGg=="
    },
    "jquery-ui": {
      "version": "1.12.1",
      "resolved": "https://registry.npmjs.org/jquery-ui/-/jquery-ui-1.12.1.tgz",
      "integrity": "sha1-vLQEXI3QU5wTS8FIjN0+dop6nlE="
    },
    "nan": {
      "version": "2.9.2",
      "resolved": "https://registry.npmjs.org/nan/-/nan-2.9.2.tgz",
      "integrity": "sha512-ltW65co7f3PQWBDbqVvaU1WtFJUsNW7sWWm4HINhbMQIyVyzIeyZ8toX5TC5eeooE6piZoaEh4cZkueSKG3KYw=="
    },
    "node-pty": {
      "version": "0.7.4",
      "resolved": "https://registry.npmjs.org/node-pty/-/node-pty-0.7.4.tgz",
      "integrity": "sha512-WxMY1BsGcHJ2Z2qWpYL7QbfOSnkkCzV0H/9+dJ7uQEIJyz0A4fVBLymswBCTc7RoweY5ingib2gNvf87KvJxuA=="
    },
    "textarea-caret": {
      "version": "3.1.0",
      "resolved": "https://registry.npmjs.org/textarea-caret/-/textarea-caret-3.1.0.tgz",
      "integrity": "sha512-cXAvzO9pP5CGa6NKx0WYHl+8CHKZs8byMkt3PCJBCmq2a34YA9pO1NrQET5pzeqnBjBdToF5No4rrmkDUgQC2Q=="
    },
    "textcomplete": {
      "version": "0.16.1",
      "resolved": "https://registry.npmjs.org/textcomplete/-/textcomplete-0.16.1.tgz",
      "integrity": "sha512-+6+leszFpl+GYygr7kTOlIdC+OZz7RiJDRw7pS83n6+hh4NkscSZA+fzkbUObC9nXdQhDnI4K2whfRKKUXovuw=="
    },
    "undate": {
      "version": "0.2.4",
      "resolved": "https://registry.npmjs.org/undate/-/undate-0.2.4.tgz",
      "integrity": "sha512-k1WTRVhI076HYqP6e3pZPzS7K2xNAcuhCcWOPjHmR8SwU3byyKYvyNZ4XTEAd7Ofe40+wrEjNq6WmmO8WoUVNg=="
    },
    "xterm": {
      "version": "3.2.0",
      "resolved": "https://registry.npmjs.org/xterm/-/xterm-3.2.0.tgz",
      "integrity": "sha512-WH1V7eOwybpZoms8zQmMsAVcF3NlW3bVUdftCRt7TYs1E7tYgr59QknJ/pfVqQh5Ao8I8XiPGVKn//6U/yJ9ew=="
    }
  }
}
